// !$*UTF8*$!
{
	archiveVersion = 1;
	classes = {
	};
	objectVersion = 56;
	objects = {

/* Begin PBXBuildFile section */
		654FD7472BBCC0C500AF7608 /* HourlyForecastCollectionViewCell.swift in Sources */ = {isa = PBXBuildFile; fileRef = 654FD7462BBCC0C500AF7608 /* HourlyForecastCollectionViewCell.swift */; };
		654FD7492BBCC94F00AF7608 /* Extensions.swift in Sources */ = {isa = PBXBuildFile; fileRef = 654FD7482BBCC94F00AF7608 /* Extensions.swift */; };
		65A03B4C2B97CBDA006ECCAC /* AppDelegate.swift in Sources */ = {isa = PBXBuildFile; fileRef = 65A03B4B2B97CBDA006ECCAC /* AppDelegate.swift */; };
		65A03B4E2B97CBDA006ECCAC /* SceneDelegate.swift in Sources */ = {isa = PBXBuildFile; fileRef = 65A03B4D2B97CBDA006ECCAC /* SceneDelegate.swift */; };
		65A03B502B97CBDA006ECCAC /* ViewController.swift in Sources */ = {isa = PBXBuildFile; fileRef = 65A03B4F2B97CBDA006ECCAC /* ViewController.swift */; };
		65A03B552B97CBDC006ECCAC /* Assets.xcassets in Resources */ = {isa = PBXBuildFile; fileRef = 65A03B542B97CBDC006ECCAC /* Assets.xcassets */; };
		65A03B582B97CBDC006ECCAC /* LaunchScreen.storyboard in Resources */ = {isa = PBXBuildFile; fileRef = 65A03B562B97CBDC006ECCAC /* LaunchScreen.storyboard */; };
		65A03B632B97CBDC006ECCAC /* weather_appTests.swift in Sources */ = {isa = PBXBuildFile; fileRef = 65A03B622B97CBDC006ECCAC /* weather_appTests.swift */; };
		65A03B6D2B97CBDC006ECCAC /* weather_appUITests.swift in Sources */ = {isa = PBXBuildFile; fileRef = 65A03B6C2B97CBDC006ECCAC /* weather_appUITests.swift */; };
		65A03B6F2B97CBDC006ECCAC /* weather_appUITestsLaunchTests.swift in Sources */ = {isa = PBXBuildFile; fileRef = 65A03B6E2B97CBDC006ECCAC /* weather_appUITestsLaunchTests.swift */; };
/* End PBXBuildFile section */

/* Begin PBXContainerItemProxy section */
		65A03B5F2B97CBDC006ECCAC /* PBXContainerItemProxy */ = {
			isa = PBXContainerItemProxy;
			containerPortal = 65A03B402B97CBDA006ECCAC /* Project object */;
			proxyType = 1;
			remoteGlobalIDString = 65A03B472B97CBDA006ECCAC;
			remoteInfo = "weather app";
		};
		65A03B692B97CBDC006ECCAC /* PBXContainerItemProxy */ = {
			isa = PBXContainerItemProxy;
			containerPortal = 65A03B402B97CBDA006ECCAC /* Project object */;
			proxyType = 1;
			remoteGlobalIDString = 65A03B472B97CBDA006ECCAC;
			remoteInfo = "weather app";
		};
/* End PBXContainerItemProxy section */

/* Begin PBXFileReference section */
		654FD7462BBCC0C500AF7608 /* HourlyForecastCollectionViewCell.swift */ = {isa = PBXFileReference; lastKnownFileType = sourcecode.swift; path = HourlyForecastCollectionViewCell.swift; sourceTree = "<group>"; };
		654FD7482BBCC94F00AF7608 /* Extensions.swift */ = {isa = PBXFileReference; lastKnownFileType = sourcecode.swift; path = Extensions.swift; sourceTree = "<group>"; };
		65A03B482B97CBDA006ECCAC /* weather app.app */ = {isa = PBXFileReference; explicitFileType = wrapper.application; includeInIndex = 0; path = "weather app.app"; sourceTree = BUILT_PRODUCTS_DIR; };
		65A03B4B2B97CBDA006ECCAC /* AppDelegate.swift */ = {isa = PBXFileReference; lastKnownFileType = sourcecode.swift; path = AppDelegate.swift; sourceTree = "<group>"; };
		65A03B4D2B97CBDA006ECCAC /* SceneDelegate.swift */ = {isa = PBXFileReference; lastKnownFileType = sourcecode.swift; path = SceneDelegate.swift; sourceTree = "<group>"; };
		65A03B4F2B97CBDA006ECCAC /* ViewController.swift */ = {isa = PBXFileReference; lastKnownFileType = sourcecode.swift; path = ViewController.swift; sourceTree = "<group>"; };
		65A03B542B97CBDC006ECCAC /* Assets.xcassets */ = {isa = PBXFileReference; lastKnownFileType = folder.assetcatalog; path = Assets.xcassets; sourceTree = "<group>"; };
		65A03B572B97CBDC006ECCAC /* Base */ = {isa = PBXFileReference; lastKnownFileType = file.storyboard; name = Base; path = Base.lproj/LaunchScreen.storyboard; sourceTree = "<group>"; };
		65A03B592B97CBDC006ECCAC /* Info.plist */ = {isa = PBXFileReference; lastKnownFileType = text.plist.xml; path = Info.plist; sourceTree = "<group>"; };
		65A03B5E2B97CBDC006ECCAC /* weather appTests.xctest */ = {isa = PBXFileReference; explicitFileType = wrapper.cfbundle; includeInIndex = 0; path = "weather appTests.xctest"; sourceTree = BUILT_PRODUCTS_DIR; };
		65A03B622B97CBDC006ECCAC /* weather_appTests.swift */ = {isa = PBXFileReference; lastKnownFileType = sourcecode.swift; path = weather_appTests.swift; sourceTree = "<group>"; };
		65A03B682B97CBDC006ECCAC /* weather appUITests.xctest */ = {isa = PBXFileReference; explicitFileType = wrapper.cfbundle; includeInIndex = 0; path = "weather appUITests.xctest"; sourceTree = BUILT_PRODUCTS_DIR; };
		65A03B6C2B97CBDC006ECCAC /* weather_appUITests.swift */ = {isa = PBXFileReference; lastKnownFileType = sourcecode.swift; path = weather_appUITests.swift; sourceTree = "<group>"; };
		65A03B6E2B97CBDC006ECCAC /* weather_appUITestsLaunchTests.swift */ = {isa = PBXFileReference; lastKnownFileType = sourcecode.swift; path = weather_appUITestsLaunchTests.swift; sourceTree = "<group>"; };
/* End PBXFileReference section */

/* Begin PBXFrameworksBuildPhase section */
		65A03B452B97CBDA006ECCAC /* Frameworks */ = {
			isa = PBXFrameworksBuildPhase;
			buildActionMask = 2147483647;
			files = (
			);
			runOnlyForDeploymentPostprocessing = 0;
		};
		65A03B5B2B97CBDC006ECCAC /* Frameworks */ = {
			isa = PBXFrameworksBuildPhase;
			buildActionMask = 2147483647;
			files = (
			);
			runOnlyForDeploymentPostprocessing = 0;
		};
		65A03B652B97CBDC006ECCAC /* Frameworks */ = {
			isa = PBXFrameworksBuildPhase;
			buildActionMask = 2147483647;
			files = (
			);
			runOnlyForDeploymentPostprocessing = 0;
		};
/* End PBXFrameworksBuildPhase section */

/* Begin PBXGroup section */
		65A03B3F2B97CBDA006ECCAC = {
			isa = PBXGroup;
			children = (
				65A03B4A2B97CBDA006ECCAC /* weather app */,
				65A03B612B97CBDC006ECCAC /* weather appTests */,
				65A03B6B2B97CBDC006ECCAC /* weather appUITests */,
				65A03B492B97CBDA006ECCAC /* Products */,
			);
			sourceTree = "<group>";
		};
		65A03B492B97CBDA006ECCAC /* Products */ = {
			isa = PBXGroup;
			children = (
				65A03B482B97CBDA006ECCAC /* weather app.app */,
				65A03B5E2B97CBDC006ECCAC /* weather appTests.xctest */,
				65A03B682B97CBDC006ECCAC /* weather appUITests.xctest */,
			);
			name = Products;
			sourceTree = "<group>";
		};
		65A03B4A2B97CBDA006ECCAC /* weather app */ = {
			isa = PBXGroup;
			children = (
				65A03B4B2B97CBDA006ECCAC /* AppDelegate.swift */,
				65A03B4D2B97CBDA006ECCAC /* SceneDelegate.swift */,
				65A03B4F2B97CBDA006ECCAC /* ViewController.swift */,
				654FD7462BBCC0C500AF7608 /* HourlyForecastCollectionViewCell.swift */,
				65A03B542B97CBDC006ECCAC /* Assets.xcassets */,
				65A03B562B97CBDC006ECCAC /* LaunchScreen.storyboard */,
				65A03B592B97CBDC006ECCAC /* Info.plist */,
				654FD7482BBCC94F00AF7608 /* Extensions.swift */,
			);
			path = "weather app";
			sourceTree = "<group>";
		};
		65A03B612B97CBDC006ECCAC /* weather appTests */ = {
			isa = PBXGroup;
			children = (
				65A03B622B97CBDC006ECCAC /* weather_appTests.swift */,
			);
			path = "weather appTests";
			sourceTree = "<group>";
		};
		65A03B6B2B97CBDC006ECCAC /* weather appUITests */ = {
			isa = PBXGroup;
			children = (
				65A03B6C2B97CBDC006ECCAC /* weather_appUITests.swift */,
				65A03B6E2B97CBDC006ECCAC /* weather_appUITestsLaunchTests.swift */,
			);
			path = "weather appUITests";
			sourceTree = "<group>";
		};
/* End PBXGroup section */

/* Begin PBXNativeTarget section */
		65A03B472B97CBDA006ECCAC /* weather app */ = {
			isa = PBXNativeTarget;
			buildConfigurationList = 65A03B722B97CBDC006ECCAC /* Build configuration list for PBXNativeTarget "weather app" */;
			buildPhases = (
				65A03B442B97CBDA006ECCAC /* Sources */,
				65A03B452B97CBDA006ECCAC /* Frameworks */,
				65A03B462B97CBDA006ECCAC /* Resources */,
			);
			buildRules = (
			);
			dependencies = (
			);
			name = "weather app";
			productName = "weather app";
			productReference = 65A03B482B97CBDA006ECCAC /* weather app.app */;
			productType = "com.apple.product-type.application";
		};
		65A03B5D2B97CBDC006ECCAC /* weather appTests */ = {
			isa = PBXNativeTarget;
			buildConfigurationList = 65A03B752B97CBDC006ECCAC /* Build configuration list for PBXNativeTarget "weather appTests" */;
			buildPhases = (
				65A03B5A2B97CBDC006ECCAC /* Sources */,
				65A03B5B2B97CBDC006ECCAC /* Frameworks */,
				65A03B5C2B97CBDC006ECCAC /* Resources */,
			);
			buildRules = (
			);
			dependencies = (
				65A03B602B97CBDC006ECCAC /* PBXTargetDependency */,
			);
			name = "weather appTests";
			productName = "weather appTests";
			productReference = 65A03B5E2B97CBDC006ECCAC /* weather appTests.xctest */;
			productType = "com.apple.product-type.bundle.unit-test";
		};
		65A03B672B97CBDC006ECCAC /* weather appUITests */ = {
			isa = PBXNativeTarget;
			buildConfigurationList = 65A03B782B97CBDC006ECCAC /* Build configuration list for PBXNativeTarget "weather appUITests" */;
			buildPhases = (
				65A03B642B97CBDC006ECCAC /* Sources */,
				65A03B652B97CBDC006ECCAC /* Frameworks */,
				65A03B662B97CBDC006ECCAC /* Resources */,
			);
			buildRules = (
			);
			dependencies = (
				65A03B6A2B97CBDC006ECCAC /* PBXTargetDependency */,
			);
			name = "weather appUITests";
			productName = "weather appUITests";
			productReference = 65A03B682B97CBDC006ECCAC /* weather appUITests.xctest */;
			productType = "com.apple.product-type.bundle.ui-testing";
		};
/* End PBXNativeTarget section */

/* Begin PBXProject section */
		65A03B402B97CBDA006ECCAC /* Project object */ = {
			isa = PBXProject;
			attributes = {
				BuildIndependentTargetsInParallel = 1;
				LastSwiftUpdateCheck = 1520;
				LastUpgradeCheck = 1520;
				TargetAttributes = {
					65A03B472B97CBDA006ECCAC = {
						CreatedOnToolsVersion = 15.2;
					};
					65A03B5D2B97CBDC006ECCAC = {
						CreatedOnToolsVersion = 15.2;
						TestTargetID = 65A03B472B97CBDA006ECCAC;
					};
					65A03B672B97CBDC006ECCAC = {
						CreatedOnToolsVersion = 15.2;
						TestTargetID = 65A03B472B97CBDA006ECCAC;
					};
				};
			};
			buildConfigurationList = 65A03B432B97CBDA006ECCAC /* Build configuration list for PBXProject "weather app" */;
			compatibilityVersion = "Xcode 14.0";
			developmentRegion = en;
			hasScannedForEncodings = 0;
			knownRegions = (
				en,
				Base,
			);
			mainGroup = 65A03B3F2B97CBDA006ECCAC;
			productRefGroup = 65A03B492B97CBDA006ECCAC /* Products */;
			projectDirPath = "";
			projectRoot = "";
			targets = (
				65A03B472B97CBDA006ECCAC /* weather app */,
				65A03B5D2B97CBDC006ECCAC /* weather appTests */,
				65A03B672B97CBDC006ECCAC /* weather appUITests */,
			);
		};
/* End PBXProject section */

/* Begin PBXResourcesBuildPhase section */
		65A03B462B97CBDA006ECCAC /* Resources */ = {
			isa = PBXResourcesBuildPhase;
			buildActionMask = 2147483647;
			files = (
				65A03B582B97CBDC006ECCAC /* LaunchScreen.storyboard in Resources */,
				65A03B552B97CBDC006ECCAC /* Assets.xcassets in Resources */,
			);
			runOnlyForDeploymentPostprocessing = 0;
		};
		65A03B5C2B97CBDC006ECCAC /* Resources */ = {
			isa = PBXResourcesBuildPhase;
			buildActionMask = 2147483647;
			files = (
			);
			runOnlyForDeploymentPostprocessing = 0;
		};
		65A03B662B97CBDC006ECCAC /* Resources */ = {
			isa = PBXResourcesBuildPhase;
			buildActionMask = 2147483647;
			files = (
			);
			runOnlyForDeploymentPostprocessing = 0;
		};
/* End PBXResourcesBuildPhase section */

/* Begin PBXSourcesBuildPhase section */
		65A03B442B97CBDA006ECCAC /* Sources */ = {
			isa = PBXSourcesBuildPhase;
			buildActionMask = 2147483647;
			files = (
				654FD7492BBCC94F00AF7608 /* Extensions.swift in Sources */,
				65A03B502B97CBDA006ECCAC /* ViewController.swift in Sources */,
				65A03B4C2B97CBDA006ECCAC /* AppDelegate.swift in Sources */,
				654FD7472BBCC0C500AF7608 /* HourlyForecastCollectionViewCell.swift in Sources */,
				65A03B4E2B97CBDA006ECCAC /* SceneDelegate.swift in Sources */,
			);
			runOnlyForDeploymentPostprocessing = 0;
		};
		65A03B5A2B97CBDC006ECCAC /* Sources */ = {
			isa = PBXSourcesBuildPhase;
			buildActionMask = 2147483647;
			files = (
				65A03B632B97CBDC006ECCAC /* weather_appTests.swift in Sources */,
			);
			runOnlyForDeploymentPostprocessing = 0;
		};
		65A03B642B97CBDC006ECCAC /* Sources */ = {
			isa = PBXSourcesBuildPhase;
			buildActionMask = 2147483647;
			files = (
				65A03B6D2B97CBDC006ECCAC /* weather_appUITests.swift in Sources */,
				65A03B6F2B97CBDC006ECCAC /* weather_appUITestsLaunchTests.swift in Sources */,
			);
			runOnlyForDeploymentPostprocessing = 0;
		};
/* End PBXSourcesBuildPhase section */

/* Begin PBXTargetDependency section */
		65A03B602B97CBDC006ECCAC /* PBXTargetDependency */ = {
			isa = PBXTargetDependency;
			target = 65A03B472B97CBDA006ECCAC /* weather app */;
			targetProxy = 65A03B5F2B97CBDC006ECCAC /* PBXContainerItemProxy */;
		};
		65A03B6A2B97CBDC006ECCAC /* PBXTargetDependency */ = {
			isa = PBXTargetDependency;
			target = 65A03B472B97CBDA006ECCAC /* weather app */;
			targetProxy = 65A03B692B97CBDC006ECCAC /* PBXContainerItemProxy */;
		};
/* End PBXTargetDependency section */

/* Begin PBXVariantGroup section */
		65A03B562B97CBDC006ECCAC /* LaunchScreen.storyboard */ = {
			isa = PBXVariantGroup;
			children = (
				65A03B572B97CBDC006ECCAC /* Base */,
			);
			name = LaunchScreen.storyboard;
			sourceTree = "<group>";
		};
/* End PBXVariantGroup section */

/* Begin XCBuildConfiguration section */
		65A03B702B97CBDC006ECCAC /* Debug */ = {
			isa = XCBuildConfiguration;
			buildSettings = {
				ALWAYS_SEARCH_USER_PATHS = NO;
				ASSETCATALOG_COMPILER_GENERATE_SWIFT_ASSET_SYMBOL_EXTENSIONS = YES;
				CLANG_ANALYZER_NONNULL = YES;
				CLANG_ANALYZER_NUMBER_OBJECT_CONVERSION = YES_AGGRESSIVE;
				CLANG_CXX_LANGUAGE_STANDARD = "gnu++20";
				CLANG_ENABLE_MODULES = YES;
				CLANG_ENABLE_OBJC_ARC = YES;
				CLANG_ENABLE_OBJC_WEAK = YES;
				CLANG_WARN_BLOCK_CAPTURE_AUTORELEASING = YES;
				CLANG_WARN_BOOL_CONVERSION = YES;
				CLANG_WARN_COMMA = YES;
				CLANG_WARN_CONSTANT_CONVERSION = YES;
				CLANG_WARN_DEPRECATED_OBJC_IMPLEMENTATIONS = YES;
				CLANG_WARN_DIRECT_OBJC_ISA_USAGE = YES_ERROR;
				CLANG_WARN_DOCUMENTATION_COMMENTS = YES;
				CLANG_WARN_EMPTY_BODY = YES;
				CLANG_WARN_ENUM_CONVERSION = YES;
				CLANG_WARN_INFINITE_RECURSION = YES;
				CLANG_WARN_INT_CONVERSION = YES;
				CLANG_WARN_NON_LITERAL_NULL_CONVERSION = YES;
				CLANG_WARN_OBJC_IMPLICIT_RETAIN_SELF = YES;
				CLANG_WARN_OBJC_LITERAL_CONVERSION = YES;
				CLANG_WARN_OBJC_ROOT_CLASS = YES_ERROR;
				CLANG_WARN_QUOTED_INCLUDE_IN_FRAMEWORK_HEADER = YES;
				CLANG_WARN_RANGE_LOOP_ANALYSIS = YES;
				CLANG_WARN_STRICT_PROTOTYPES = YES;
				CLANG_WARN_SUSPICIOUS_MOVE = YES;
				CLANG_WARN_UNGUARDED_AVAILABILITY = YES_AGGRESSIVE;
				CLANG_WARN_UNREACHABLE_CODE = YES;
				CLANG_WARN__DUPLICATE_METHOD_MATCH = YES;
				COPY_PHASE_STRIP = NO;
				DEBUG_INFORMATION_FORMAT = dwarf;
				ENABLE_STRICT_OBJC_MSGSEND = YES;
				ENABLE_TESTABILITY = YES;
				ENABLE_USER_SCRIPT_SANDBOXING = YES;
				GCC_C_LANGUAGE_STANDARD = gnu17;
				GCC_DYNAMIC_NO_PIC = NO;
				GCC_NO_COMMON_BLOCKS = YES;
				GCC_OPTIMIZATION_LEVEL = 0;
				GCC_PREPROCESSOR_DEFINITIONS = (
					"DEBUG=1",
					"$(inherited)",
				);
				GCC_WARN_64_TO_32_BIT_CONVERSION = YES;
				GCC_WARN_ABOUT_RETURN_TYPE = YES_ERROR;
				GCC_WARN_UNDECLARED_SELECTOR = YES;
				GCC_WARN_UNINITIALIZED_AUTOS = YES_AGGRESSIVE;
				GCC_WARN_UNUSED_FUNCTION = YES;
				GCC_WARN_UNUSED_VARIABLE = YES;
				IPHONEOS_DEPLOYMENT_TARGET = 17.2;
				LOCALIZATION_PREFERS_STRING_CATALOGS = YES;
				MTL_ENABLE_DEBUG_INFO = INCLUDE_SOURCE;
				MTL_FAST_MATH = YES;
				ONLY_ACTIVE_ARCH = YES;
				SDKROOT = iphoneos;
				SWIFT_ACTIVE_COMPILATION_CONDITIONS = "DEBUG $(inherited)";
				SWIFT_OPTIMIZATION_LEVEL = "-Onone";
			};
			name = Debug;
		};
		65A03B712B97CBDC006ECCAC /* Release */ = {
			isa = XCBuildConfiguration;
			buildSettings = {
				ALWAYS_SEARCH_USER_PATHS = NO;
				ASSETCATALOG_COMPILER_GENERATE_SWIFT_ASSET_SYMBOL_EXTENSIONS = YES;
				CLANG_ANALYZER_NONNULL = YES;
				CLANG_ANALYZER_NUMBER_OBJECT_CONVERSION = YES_AGGRESSIVE;
				CLANG_CXX_LANGUAGE_STANDARD = "gnu++20";
				CLANG_ENABLE_MODULES = YES;
				CLANG_ENABLE_OBJC_ARC = YES;
				CLANG_ENABLE_OBJC_WEAK = YES;
				CLANG_WARN_BLOCK_CAPTURE_AUTORELEASING = YES;
				CLANG_WARN_BOOL_CONVERSION = YES;
				CLANG_WARN_COMMA = YES;
				CLANG_WARN_CONSTANT_CONVERSION = YES;
				CLANG_WARN_DEPRECATED_OBJC_IMPLEMENTATIONS = YES;
				CLANG_WARN_DIRECT_OBJC_ISA_USAGE = YES_ERROR;
				CLANG_WARN_DOCUMENTATION_COMMENTS = YES;
				CLANG_WARN_EMPTY_BODY = YES;
				CLANG_WARN_ENUM_CONVERSION = YES;
				CLANG_WARN_INFINITE_RECURSION = YES;
				CLANG_WARN_INT_CONVERSION = YES;
				CLANG_WARN_NON_LITERAL_NULL_CONVERSION = YES;
				CLANG_WARN_OBJC_IMPLICIT_RETAIN_SELF = YES;
				CLANG_WARN_OBJC_LITERAL_CONVERSION = YES;
				CLANG_WARN_OBJC_ROOT_CLASS = YES_ERROR;
				CLANG_WARN_QUOTED_INCLUDE_IN_FRAMEWORK_HEADER = YES;
				CLANG_WARN_RANGE_LOOP_ANALYSIS = YES;
				CLANG_WARN_STRICT_PROTOTYPES = YES;
				CLANG_WARN_SUSPICIOUS_MOVE = YES;
				CLANG_WARN_UNGUARDED_AVAILABILITY = YES_AGGRESSIVE;
				CLANG_WARN_UNREACHABLE_CODE = YES;
				CLANG_WARN__DUPLICATE_METHOD_MATCH = YES;
				COPY_PHASE_STRIP = NO;
				DEBUG_INFORMATION_FORMAT = "dwarf-with-dsym";
				ENABLE_NS_ASSERTIONS = NO;
				ENABLE_STRICT_OBJC_MSGSEND = YES;
				ENABLE_USER_SCRIPT_SANDBOXING = YES;
				GCC_C_LANGUAGE_STANDARD = gnu17;
				GCC_NO_COMMON_BLOCKS = YES;
				GCC_WARN_64_TO_32_BIT_CONVERSION = YES;
				GCC_WARN_ABOUT_RETURN_TYPE = YES_ERROR;
				GCC_WARN_UNDECLARED_SELECTOR = YES;
				GCC_WARN_UNINITIALIZED_AUTOS = YES_AGGRESSIVE;
				GCC_WARN_UNUSED_FUNCTION = YES;
				GCC_WARN_UNUSED_VARIABLE = YES;
				IPHONEOS_DEPLOYMENT_TARGET = 17.2;
				LOCALIZATION_PREFERS_STRING_CATALOGS = YES;
				MTL_ENABLE_DEBUG_INFO = NO;
				MTL_FAST_MATH = YES;
				SDKROOT = iphoneos;
				SWIFT_COMPILATION_MODE = wholemodule;
				VALIDATE_PRODUCT = YES;
			};
			name = Release;
		};
		65A03B732B97CBDC006ECCAC /* Debug */ = {
			isa = XCBuildConfiguration;
			buildSettings = {
				ASSETCATALOG_COMPILER_APPICON_NAME = AppIcon;
				ASSETCATALOG_COMPILER_GLOBAL_ACCENT_COLOR_NAME = AccentColor;
				CODE_SIGN_STYLE = Automatic;
				CURRENT_PROJECT_VERSION = 1;
				DEVELOPMENT_TEAM = S357R5N2VM;
				GENERATE_INFOPLIST_FILE = YES;
				INFOPLIST_FILE = "weather app/Info.plist";
				INFOPLIST_KEY_UIApplicationSupportsIndirectInputEvents = YES;
				INFOPLIST_KEY_UILaunchStoryboardName = LaunchScreen;
				INFOPLIST_KEY_UISupportedInterfaceOrientations_iPad = "UIInterfaceOrientationPortrait UIInterfaceOrientationPortraitUpsideDown UIInterfaceOrientationLandscapeLeft UIInterfaceOrientationLandscapeRight";
				INFOPLIST_KEY_UISupportedInterfaceOrientations_iPhone = "UIInterfaceOrientationPortrait UIInterfaceOrientationLandscapeLeft UIInterfaceOrientationLandscapeRight";
				LD_RUNPATH_SEARCH_PATHS = (
					"$(inherited)",
					"@executable_path/Frameworks",
				);
				MARKETING_VERSION = 1.0;
				PRODUCT_BUNDLE_IDENTIFIER = "com.falkaniere.weather-app";
				PRODUCT_NAME = "$(TARGET_NAME)";
				SWIFT_EMIT_LOC_STRINGS = YES;
				SWIFT_VERSION = 5.0;
				TARGETED_DEVICE_FAMILY = "1,2";
			};
			name = Debug;
		};
		65A03B742B97CBDC006ECCAC /* Release */ = {
			isa = XCBuildConfiguration;
			buildSettings = {
				ASSETCATALOG_COMPILER_APPICON_NAME = AppIcon;
				ASSETCATALOG_COMPILER_GLOBAL_ACCENT_COLOR_NAME = AccentColor;
				CODE_SIGN_STYLE = Automatic;
				CURRENT_PROJECT_VERSION = 1;
				DEVELOPMENT_TEAM = S357R5N2VM;
				GENERATE_INFOPLIST_FILE = YES;
				INFOPLIST_FILE = "weather app/Info.plist";
				INFOPLIST_KEY_UIApplicationSupportsIndirectInputEvents = YES;
				INFOPLIST_KEY_UILaunchStoryboardName = LaunchScreen;
				INFOPLIST_KEY_UISupportedInterfaceOrientations_iPad = "UIInterfaceOrientationPortrait UIInterfaceOrientationPortraitUpsideDown UIInterfaceOrientationLandscapeLeft UIInterfaceOrientationLandscapeRight";
				INFOPLIST_KEY_UISupportedInterfaceOrientations_iPhone = "UIInterfaceOrientationPortrait UIInterfaceOrientationLandscapeLeft UIInterfaceOrientationLandscapeRight";
				LD_RUNPATH_SEARCH_PATHS = (
					"$(inherited)",
					"@executable_path/Frameworks",
				);
				MARKETING_VERSION = 1.0;
				PRODUCT_BUNDLE_IDENTIFIER = "com.falkaniere.weather-app";
				PRODUCT_NAME = "$(TARGET_NAME)";
				SWIFT_EMIT_LOC_STRINGS = YES;
				SWIFT_VERSION = 5.0;
				TARGETED_DEVICE_FAMILY = "1,2";
			};
			name = Release;
		};
		65A03B762B97CBDC006ECCAC /* Debug */ = {
			isa = XCBuildConfiguration;
			buildSettings = {
				ALWAYS_EMBED_SWIFT_STANDARD_LIBRARIES = YES;
				BUNDLE_LOADER = "$(TEST_HOST)";
				CODE_SIGN_STYLE = Automatic;
				CURRENT_PROJECT_VERSION = 1;
				DEVELOPMENT_TEAM = S357R5N2VM;
				GENERATE_INFOPLIST_FILE = YES;
				IPHONEOS_DEPLOYMENT_TARGET = 17.2;
				MARKETING_VERSION = 1.0;
				PRODUCT_BUNDLE_IDENTIFIER = "com.falkaniere.weather-appTests";
				PRODUCT_NAME = "$(TARGET_NAME)";
				SWIFT_EMIT_LOC_STRINGS = NO;
				SWIFT_VERSION = 5.0;
				TARGETED_DEVICE_FAMILY = "1,2";
				TEST_HOST = "$(BUILT_PRODUCTS_DIR)/weather app.app/$(BUNDLE_EXECUTABLE_FOLDER_PATH)/weather app";
			};
			name = Debug;
		};
		65A03B772B97CBDC006ECCAC /* Release */ = {
			isa = XCBuildConfiguration;
			buildSettings = {
				ALWAYS_EMBED_SWIFT_STANDARD_LIBRARIES = YES;
				BUNDLE_LOADER = "$(TEST_HOST)";
				CODE_SIGN_STYLE = Automatic;
				CURRENT_PROJECT_VERSION = 1;
				DEVELOPMENT_TEAM = S357R5N2VM;
				GENERATE_INFOPLIST_FILE = YES;
				IPHONEOS_DEPLOYMENT_TARGET = 17.2;
				MARKETING_VERSION = 1.0;
				PRODUCT_BUNDLE_IDENTIFIER = "com.falkaniere.weather-appTests";
				PRODUCT_NAME = "$(TARGET_NAME)";
				SWIFT_EMIT_LOC_STRINGS = NO;
				SWIFT_VERSION = 5.0;
				TARGETED_DEVICE_FAMILY = "1,2";
				TEST_HOST = "$(BUILT_PRODUCTS_DIR)/weather app.app/$(BUNDLE_EXECUTABLE_FOLDER_PATH)/weather app";
			};
			name = Release;
		};
		65A03B792B97CBDC006ECCAC /* Debug */ = {
			isa = XCBuildConfiguration;
			buildSettings = {
				ALWAYS_EMBED_SWIFT_STANDARD_LIBRARIES = YES;
				CODE_SIGN_STYLE = Automatic;
				CURRENT_PROJECT_VERSION = 1;
				DEVELOPMENT_TEAM = S357R5N2VM;
				GENERATE_INFOPLIST_FILE = YES;
				MARKETING_VERSION = 1.0;
				PRODUCT_BUNDLE_IDENTIFIER = "com.falkaniere.weather-appUITests";
				PRODUCT_NAME = "$(TARGET_NAME)";
				SWIFT_EMIT_LOC_STRINGS = NO;
				SWIFT_VERSION = 5.0;
				TARGETED_DEVICE_FAMILY = "1,2";
				TEST_TARGET_NAME = "weather app";
			};
			name = Debug;
		};
		65A03B7A2B97CBDC006ECCAC /* Release */ = {
			isa = XCBuildConfiguration;
			buildSettings = {
				ALWAYS_EMBED_SWIFT_STANDARD_LIBRARIES = YES;
				CODE_SIGN_STYLE = Automatic;
				CURRENT_PROJECT_VERSION = 1;
				DEVELOPMENT_TEAM = S357R5N2VM;
				GENERATE_INFOPLIST_FILE = YES;
				MARKETING_VERSION = 1.0;
				PRODUCT_BUNDLE_IDENTIFIER = "com.falkaniere.weather-appUITests";
				PRODUCT_NAME = "$(TARGET_NAME)";
				SWIFT_EMIT_LOC_STRINGS = NO;
				SWIFT_VERSION = 5.0;
				TARGETED_DEVICE_FAMILY = "1,2";
				TEST_TARGET_NAME = "weather app";
			};
			name = Release;
		};
/* End XCBuildConfiguration section */

/* Begin XCConfigurationList section */
		65A03B432B97CBDA006ECCAC /* Build configuration list for PBXProject "weather app" */ = {
			isa = XCConfigurationList;
			buildConfigurations = (
				65A03B702B97CBDC006ECCAC /* Debug */,
				65A03B712B97CBDC006ECCAC /* Release */,
			);
			defaultConfigurationIsVisible = 0;
			defaultConfigurationName = Release;
		};
		65A03B722B97CBDC006ECCAC /* Build configuration list for PBXNativeTarget "weather app" */ = {
			isa = XCConfigurationList;
			buildConfigurations = (
				65A03B732B97CBDC006ECCAC /* Debug */,
				65A03B742B97CBDC006ECCAC /* Release */,
			);
			defaultConfigurationIsVisible = 0;
			defaultConfigurationName = Release;
		};
		65A03B752B97CBDC006ECCAC /* Build configuration list for PBXNativeTarget "weather appTests" */ = {
			isa = XCConfigurationList;
			buildConfigurations = (
				65A03B762B97CBDC006ECCAC /* Debug */,
				65A03B772B97CBDC006ECCAC /* Release */,
			);
			defaultConfigurationIsVisible = 0;
			defaultConfigurationName = Release;
		};
		65A03B782B97CBDC006ECCAC /* Build configuration list for PBXNativeTarget "weather appUITests" */ = {
			isa = XCConfigurationList;
			buildConfigurations = (
				65A03B792B97CBDC006ECCAC /* Debug */,
				65A03B7A2B97CBDC006ECCAC /* Release */,
			);
			defaultConfigurationIsVisible = 0;
			defaultConfigurationName = Release;
		};
/* End XCConfigurationList section */
	};
	rootObject = 65A03B402B97CBDA006ECCAC /* Project object */;
}
